
Microsoft Visual Studio Solution File, Format Version 12.00
# Visual Studio Version 17
VisualStudioVersion = 17.9.34701.34
MinimumVisualStudioVersion = 10.0.40219.1
Project("{FAE04EC0-301F-11D3-BF4B-00C04F79EFBC}") = "ProiectDiploma", "ProiectDiploma\ProiectDiploma.csproj", "{76BF2B3C-3B98-40F0-A866-483A66E43022}"
EndProject
Global
	GlobalSection(SolutionConfigurationPlatforms) = preSolution
		Debug|Any CPU = Debug|Any CPU
		Release|Any CPU = Release|Any CPU
	EndGlobalSection
	GlobalSection(ProjectConfigurationPlatforms) = postSolution
		{76BF2B3C-3B98-40F0-A866-483A66E43022}.Debug|Any CPU.ActiveCfg = Debug|Any CPU
		{76BF2B3C-3B98-40F0-A866-483A66E43022}.Debug|Any CPU.Build.0 = Debug|Any CPU
		{76BF2B3C-3B98-40F0-A866-483A66E43022}.Release|Any CPU.ActiveCfg = Release|Any CPU
		{76BF2B3C-3B98-40F0-A866-483A66E43022}.Release|Any CPU.Build.0 = Release|Any CPU
	EndGlobalSection
	GlobalSection(SolutionProperties) = preSolution
		HideSolutionNode = FALSE
	EndGlobalSection
	GlobalSection(ExtensibilityGlobals) = postSolution
		SolutionGuid = {CBFC0609-7152-4F05-8A8E-5760152651DF}
	EndGlobalSection
EndGlobal
